
Microsoft Visual Studio Solution File, Format Version 12.00
# Visual Studio 2013
VisualStudioVersion = 12.0.40629.0
MinimumVisualStudioVersion = 10.0.40219.1
Project("{FAE04EC0-301F-11D3-BF4B-00C04F79EFBC}") = "Gym", "Gym\Gym.csproj", "{D1E860E4-5010-4890-8332-A0A3FE064500}"
EndProject
Global
	GlobalSection(SolutionConfigurationPlatforms) = preSolution
		Debug|Any CPU = Debug|Any CPU
		Release|Any CPU = Release|Any CPU
	EndGlobalSection
	GlobalSection(ProjectConfigurationPlatforms) = postSolution
		{D1E860E4-5010-4890-8332-A0A3FE064500}.Debug|Any CPU.ActiveCfg = Debug|Any CPU
		{D1E860E4-5010-4890-8332-A0A3FE064500}.Debug|Any CPU.Build.0 = Debug|Any CPU
		{D1E860E4-5010-4890-8332-A0A3FE064500}.Release|Any CPU.ActiveCfg = Release|Any CPU
		{D1E860E4-5010-4890-8332-A0A3FE064500}.Release|Any CPU.Build.0 = Release|Any CPU
	EndGlobalSection
	GlobalSection(SolutionProperties) = preSolution
		HideSolutionNode = FALSE
	EndGlobalSection
EndGlobal
